
Microsoft Visual Studio Solution File, Format Version 12.00
# TcXaeShell Solution File, Format Version 11.00
VisualStudioVersion = 17.7.34302.85
MinimumVisualStudioVersion = 10.0.40219.1
Project("{B1E792BE-AA5F-4E3C-8C82-674BF9C0715B}") = "TwinCAT Project29", "TwinCAT Project29\TwinCAT Project29.tsproj", "{2C908431-BA47-423A-AF4F-887E2E229EBE}"
EndProject
Project("{FD9F1D59-E000-42F3-8744-88DE1BE93C06}") = "YT Scope Project2", "YT Scope Project2\YT Scope Project2.tcmproj", "{B43EC28B-6298-4DC1-9187-0390FBE9931B}"
EndProject
Global
	GlobalSection(SolutionConfigurationPlatforms) = preSolution
		Debug|TwinCAT CE7 (ARMV7) = Debug|TwinCAT CE7 (ARMV7)
		Debug|TwinCAT OS (ARMT2) = Debug|TwinCAT OS (ARMT2)
		Debug|TwinCAT OS (ARMV7-A) = Debug|TwinCAT OS (ARMV7-A)
		Debug|TwinCAT OS (ARMV7-M) = Debug|TwinCAT OS (ARMV7-M)
		Debug|TwinCAT OS (ARMV8-A) = Debug|TwinCAT OS (ARMV8-A)
		Debug|TwinCAT OS (x64) = Debug|TwinCAT OS (x64)
		Debug|TwinCAT RT (x64) = Debug|TwinCAT RT (x64)
		Debug|TwinCAT RT (x86) = Debug|TwinCAT RT (x86)
		Release|TwinCAT CE7 (ARMV7) = Release|TwinCAT CE7 (ARMV7)
		Release|TwinCAT OS (ARMT2) = Release|TwinCAT OS (ARMT2)
		Release|TwinCAT OS (ARMV7-A) = Release|TwinCAT OS (ARMV7-A)
		Release|TwinCAT OS (ARMV7-M) = Release|TwinCAT OS (ARMV7-M)
		Release|TwinCAT OS (ARMV8-A) = Release|TwinCAT OS (ARMV8-A)
		Release|TwinCAT OS (x64) = Release|TwinCAT OS (x64)
		Release|TwinCAT RT (x64) = Release|TwinCAT RT (x64)
		Release|TwinCAT RT (x86) = Release|TwinCAT RT (x86)
	EndGlobalSection
	GlobalSection(ProjectConfigurationPlatforms) = postSolution
		{2C908431-BA47-423A-AF4F-887E2E229EBE}.Debug|TwinCAT CE7 (ARMV7).ActiveCfg = Debug|TwinCAT CE7 (ARMV7)
		{2C908431-BA47-423A-AF4F-887E2E229EBE}.Debug|TwinCAT CE7 (ARMV7).Build.0 = Debug|TwinCAT CE7 (ARMV7)
		{2C908431-BA47-423A-AF4F-887E2E229EBE}.Debug|TwinCAT OS (ARMT2).ActiveCfg = Debug|TwinCAT OS (ARMV8-A)
		{2C908431-BA47-423A-AF4F-887E2E229EBE}.Debug|TwinCAT OS (ARMV7-A).ActiveCfg = Debug|TwinCAT OS (ARMV7-A)
		{2C908431-BA47-423A-AF4F-887E2E229EBE}.Debug|TwinCAT OS (ARMV7-A).Build.0 = Debug|TwinCAT OS (ARMV7-A)
		{2C908431-BA47-423A-AF4F-887E2E229EBE}.Debug|TwinCAT OS (ARMV7-M).ActiveCfg = Debug|TwinCAT OS (ARMV7-M)
		{2C908431-BA47-423A-AF4F-887E2E229EBE}.Debug|TwinCAT OS (ARMV7-M).Build.0 = Debug|TwinCAT OS (ARMV7-M)
		{2C908431-BA47-423A-AF4F-887E2E229EBE}.Debug|TwinCAT OS (ARMV8-A).ActiveCfg = Debug|TwinCAT OS (ARMV8-A)
		{2C908431-BA47-423A-AF4F-887E2E229EBE}.Debug|TwinCAT OS (ARMV8-A).Build.0 = Debug|TwinCAT OS (ARMV8-A)
		{2C908431-BA47-423A-AF4F-887E2E229EBE}.Debug|TwinCAT OS (x64).ActiveCfg = Debug|TwinCAT OS (x64)
		{2C908431-BA47-423A-AF4F-887E2E229EBE}.Debug|TwinCAT OS (x64).Build.0 = Debug|TwinCAT OS (x64)
		{2C908431-BA47-423A-AF4F-887E2E229EBE}.Debug|TwinCAT RT (x64).ActiveCfg = Debug|TwinCAT RT (x64)
		{2C908431-BA47-423A-AF4F-887E2E229EBE}.Debug|TwinCAT RT (x64).Build.0 = Debug|TwinCAT RT (x64)
		{2C908431-BA47-423A-AF4F-887E2E229EBE}.Debug|TwinCAT RT (x86).ActiveCfg = Debug|TwinCAT RT (x86)
		{2C908431-BA47-423A-AF4F-887E2E229EBE}.Debug|TwinCAT RT (x86).Build.0 = Debug|TwinCAT RT (x86)
		{2C908431-BA47-423A-AF4F-887E2E229EBE}.Release|TwinCAT CE7 (ARMV7).ActiveCfg = Release|TwinCAT CE7 (ARMV7)
		{2C908431-BA47-423A-AF4F-887E2E229EBE}.Release|TwinCAT CE7 (ARMV7).Build.0 = Release|TwinCAT CE7 (ARMV7)
		{2C908431-BA47-423A-AF4F-887E2E229EBE}.Release|TwinCAT OS (ARMT2).ActiveCfg = Release|TwinCAT OS (ARMV8-A)
		{2C908431-BA47-423A-AF4F-887E2E229EBE}.Release|TwinCAT OS (ARMV7-A).ActiveCfg = Release|TwinCAT OS (ARMV7-A)
		{2C908431-BA47-423A-AF4F-887E2E229EBE}.Release|TwinCAT OS (ARMV7-A).Build.0 = Release|TwinCAT OS (ARMV7-A)
		{2C908431-BA47-423A-AF4F-887E2E229EBE}.Release|TwinCAT OS (ARMV7-M).ActiveCfg = Release|TwinCAT OS (ARMV7-M)
		{2C908431-BA47-423A-AF4F-887E2E229EBE}.Release|TwinCAT OS (ARMV7-M).Build.0 = Release|TwinCAT OS (ARMV7-M)
		{2C908431-BA47-423A-AF4F-887E2E229EBE}.Release|TwinCAT OS (ARMV8-A).ActiveCfg = Release|TwinCAT OS (ARMV8-A)
		{2C908431-BA47-423A-AF4F-887E2E229EBE}.Release|TwinCAT OS (ARMV8-A).Build.0 = Release|TwinCAT OS (ARMV8-A)
		{2C908431-BA47-423A-AF4F-887E2E229EBE}.Release|TwinCAT OS (x64).ActiveCfg = Release|TwinCAT OS (x64)
		{2C908431-BA47-423A-AF4F-887E2E229EBE}.Release|TwinCAT OS (x64).Build.0 = Release|TwinCAT OS (x64)
		{2C908431-BA47-423A-AF4F-887E2E229EBE}.Release|TwinCAT RT (x64).ActiveCfg = Release|TwinCAT RT (x64)
		{2C908431-BA47-423A-AF4F-887E2E229EBE}.Release|TwinCAT RT (x64).Build.0 = Release|TwinCAT RT (x64)
		{2C908431-BA47-423A-AF4F-887E2E229EBE}.Release|TwinCAT RT (x86).ActiveCfg = Release|TwinCAT RT (x86)
		{2C908431-BA47-423A-AF4F-887E2E229EBE}.Release|TwinCAT RT (x86).Build.0 = Release|TwinCAT RT (x86)
		{B43EC28B-6298-4DC1-9187-0390FBE9931B}.Debug|TwinCAT CE7 (ARMV7).ActiveCfg = Debug|TwinCAT CE7 (ARMV7)
		{B43EC28B-6298-4DC1-9187-0390FBE9931B}.Debug|TwinCAT OS (ARMT2).ActiveCfg = Debug|TwinCAT OS (ARMT2)
		{B43EC28B-6298-4DC1-9187-0390FBE9931B}.Debug|TwinCAT OS (ARMV7-A).ActiveCfg = Debug|TwinCAT CE7 (ARMV7)
		{B43EC28B-6298-4DC1-9187-0390FBE9931B}.Debug|TwinCAT OS (ARMV7-M).ActiveCfg = Debug|TwinCAT CE7 (ARMV7)
		{B43EC28B-6298-4DC1-9187-0390FBE9931B}.Debug|TwinCAT OS (ARMV8-A).ActiveCfg = Debug|TwinCAT CE7 (ARMV7)
		{B43EC28B-6298-4DC1-9187-0390FBE9931B}.Debug|TwinCAT OS (x64).ActiveCfg = Debug|TwinCAT OS (x64)
		{B43EC28B-6298-4DC1-9187-0390FBE9931B}.Debug|TwinCAT RT (x64).ActiveCfg = Debug|TwinCAT RT (x64)
		{B43EC28B-6298-4DC1-9187-0390FBE9931B}.Debug|TwinCAT RT (x86).ActiveCfg = Debug|TwinCAT RT (x86)
		{B43EC28B-6298-4DC1-9187-0390FBE9931B}.Release|TwinCAT CE7 (ARMV7).ActiveCfg = Release|TwinCAT CE7 (ARMV7)
		{B43EC28B-6298-4DC1-9187-0390FBE9931B}.Release|TwinCAT OS (ARMT2).ActiveCfg = Release|TwinCAT OS (ARMT2)
		{B43EC28B-6298-4DC1-9187-0390FBE9931B}.Release|TwinCAT OS (ARMV7-A).ActiveCfg = Release|TwinCAT CE7 (ARMV7)
		{B43EC28B-6298-4DC1-9187-0390FBE9931B}.Release|TwinCAT OS (ARMV7-M).ActiveCfg = Release|TwinCAT CE7 (ARMV7)
		{B43EC28B-6298-4DC1-9187-0390FBE9931B}.Release|TwinCAT OS (ARMV8-A).ActiveCfg = Release|TwinCAT CE7 (ARMV7)
		{B43EC28B-6298-4DC1-9187-0390FBE9931B}.Release|TwinCAT OS (x64).ActiveCfg = Release|TwinCAT OS (x64)
		{B43EC28B-6298-4DC1-9187-0390FBE9931B}.Release|TwinCAT RT (x64).ActiveCfg = Release|TwinCAT RT (x64)
		{B43EC28B-6298-4DC1-9187-0390FBE9931B}.Release|TwinCAT RT (x86).ActiveCfg = Release|TwinCAT RT (x86)
		{25828569-E288-4DD1-AACF-E36D960D51A6}.Debug|TwinCAT CE7 (ARMV7).ActiveCfg = Debug|TwinCAT CE7 (ARMV7)
		{25828569-E288-4DD1-AACF-E36D960D51A6}.Debug|TwinCAT CE7 (ARMV7).Build.0 = Debug|TwinCAT CE7 (ARMV7)
		{25828569-E288-4DD1-AACF-E36D960D51A6}.Debug|TwinCAT OS (ARMT2).ActiveCfg = Debug|TwinCAT OS (ARMV8-A)
		{25828569-E288-4DD1-AACF-E36D960D51A6}.Debug|TwinCAT OS (ARMV7-A).ActiveCfg = Debug|TwinCAT OS (ARMV7-A)
		{25828569-E288-4DD1-AACF-E36D960D51A6}.Debug|TwinCAT OS (ARMV7-A).Build.0 = Debug|TwinCAT OS (ARMV7-A)
		{25828569-E288-4DD1-AACF-E36D960D51A6}.Debug|TwinCAT OS (ARMV7-M).ActiveCfg = Debug|TwinCAT OS (ARMV7-M)
		{25828569-E288-4DD1-AACF-E36D960D51A6}.Debug|TwinCAT OS (ARMV7-M).Build.0 = Debug|TwinCAT OS (ARMV7-M)
		{25828569-E288-4DD1-AACF-E36D960D51A6}.Debug|TwinCAT OS (ARMV8-A).ActiveCfg = Debug|TwinCAT OS (ARMV8-A)
		{25828569-E288-4DD1-AACF-E36D960D51A6}.Debug|TwinCAT OS (ARMV8-A).Build.0 = Debug|TwinCAT OS (ARMV8-A)
		{25828569-E288-4DD1-AACF-E36D960D51A6}.Debug|TwinCAT OS (x64).ActiveCfg = Debug|TwinCAT OS (x64)
		{25828569-E288-4DD1-AACF-E36D960D51A6}.Debug|TwinCAT OS (x64).Build.0 = Debug|TwinCAT OS (x64)
		{25828569-E288-4DD1-AACF-E36D960D51A6}.Debug|TwinCAT RT (x64).ActiveCfg = Debug|TwinCAT RT (x64)
		{25828569-E288-4DD1-AACF-E36D960D51A6}.Debug|TwinCAT RT (x64).Build.0 = Debug|TwinCAT RT (x64)
		{25828569-E288-4DD1-AACF-E36D960D51A6}.Debug|TwinCAT RT (x86).ActiveCfg = Debug|TwinCAT RT (x86)
		{25828569-E288-4DD1-AACF-E36D960D51A6}.Debug|TwinCAT RT (x86).Build.0 = Debug|TwinCAT RT (x86)
		{25828569-E288-4DD1-AACF-E36D960D51A6}.Release|TwinCAT CE7 (ARMV7).ActiveCfg = Release|TwinCAT CE7 (ARMV7)
		{25828569-E288-4DD1-AACF-E36D960D51A6}.Release|TwinCAT CE7 (ARMV7).Build.0 = Release|TwinCAT CE7 (ARMV7)
		{25828569-E288-4DD1-AACF-E36D960D51A6}.Release|TwinCAT OS (ARMT2).ActiveCfg = Release|TwinCAT OS (ARMV8-A)
		{25828569-E288-4DD1-AACF-E36D960D51A6}.Release|TwinCAT OS (ARMV7-A).ActiveCfg = Release|TwinCAT OS (ARMV7-A)
		{25828569-E288-4DD1-AACF-E36D960D51A6}.Release|TwinCAT OS (ARMV7-A).Build.0 = Release|TwinCAT OS (ARMV7-A)
		{25828569-E288-4DD1-AACF-E36D960D51A6}.Release|TwinCAT OS (ARMV7-M).ActiveCfg = Release|TwinCAT OS (ARMV7-M)
		{25828569-E288-4DD1-AACF-E36D960D51A6}.Release|TwinCAT OS (ARMV7-M).Build.0 = Release|TwinCAT OS (ARMV7-M)
		{25828569-E288-4DD1-AACF-E36D960D51A6}.Release|TwinCAT OS (ARMV8-A).ActiveCfg = Release|TwinCAT OS (ARMV8-A)
		{25828569-E288-4DD1-AACF-E36D960D51A6}.Release|TwinCAT OS (ARMV8-A).Build.0 = Release|TwinCAT OS (ARMV8-A)
		{25828569-E288-4DD1-AACF-E36D960D51A6}.Release|TwinCAT OS (x64).ActiveCfg = Release|TwinCAT OS (x64)
		{25828569-E288-4DD1-AACF-E36D960D51A6}.Release|TwinCAT OS (x64).Build.0 = Release|TwinCAT OS (x64)
		{25828569-E288-4DD1-AACF-E36D960D51A6}.Release|TwinCAT RT (x64).ActiveCfg = Release|TwinCAT RT (x64)
		{25828569-E288-4DD1-AACF-E36D960D51A6}.Release|TwinCAT RT (x64).Build.0 = Release|TwinCAT RT (x64)
		{25828569-E288-4DD1-AACF-E36D960D51A6}.Release|TwinCAT RT (x86).ActiveCfg = Release|TwinCAT RT (x86)
		{25828569-E288-4DD1-AACF-E36D960D51A6}.Release|TwinCAT RT (x86).Build.0 = Release|TwinCAT RT (x86)
		{23F3AAC5-D2AC-4B6B-826F-C638329B5E0D}.Debug|TwinCAT CE7 (ARMV7).ActiveCfg = Debug|TwinCAT CE7 (ARMV7)
		{23F3AAC5-D2AC-4B6B-826F-C638329B5E0D}.Debug|TwinCAT CE7 (ARMV7).Build.0 = Debug|TwinCAT CE7 (ARMV7)
		{23F3AAC5-D2AC-4B6B-826F-C638329B5E0D}.Debug|TwinCAT OS (ARMT2).ActiveCfg = Debug|TwinCAT OS (ARMV7-A)
		{23F3AAC5-D2AC-4B6B-826F-C638329B5E0D}.Debug|TwinCAT OS (ARMT2).Build.0 = Debug|TwinCAT OS (ARMV7-A)
		{23F3AAC5-D2AC-4B6B-826F-C638329B5E0D}.Debug|TwinCAT OS (ARMV7-A).ActiveCfg = Debug|TwinCAT OS (ARMV7-A)
		{23F3AAC5-D2AC-4B6B-826F-C638329B5E0D}.Debug|TwinCAT OS (ARMV7-A).Build.0 = Debug|TwinCAT OS (ARMV7-A)
		{23F3AAC5-D2AC-4B6B-826F-C638329B5E0D}.Debug|TwinCAT OS (ARMV7-M).ActiveCfg = Debug|TwinCAT OS (ARMV7-M)
		{23F3AAC5-D2AC-4B6B-826F-C638329B5E0D}.Debug|TwinCAT OS (ARMV7-M).Build.0 = Debug|TwinCAT OS (ARMV7-M)
		{23F3AAC5-D2AC-4B6B-826F-C638329B5E0D}.Debug|TwinCAT OS (ARMV8-A).ActiveCfg = Debug|TwinCAT OS (ARMV8-A)
		{23F3AAC5-D2AC-4B6B-826F-C638329B5E0D}.Debug|TwinCAT OS (ARMV8-A).Build.0 = Debug|TwinCAT OS (ARMV8-A)
		{23F3AAC5-D2AC-4B6B-826F-C638329B5E0D}.Debug|TwinCAT OS (x64).ActiveCfg = Debug|TwinCAT OS (x64)
		{23F3AAC5-D2AC-4B6B-826F-C638329B5E0D}.Debug|TwinCAT OS (x64).Build.0 = Debug|TwinCAT OS (x64)
		{23F3AAC5-D2AC-4B6B-826F-C638329B5E0D}.Debug|TwinCAT RT (x64).ActiveCfg = Debug|TwinCAT RT (x64)
		{23F3AAC5-D2AC-4B6B-826F-C638329B5E0D}.Debug|TwinCAT RT (x64).Build.0 = Debug|TwinCAT RT (x64)
		{23F3AAC5-D2AC-4B6B-826F-C638329B5E0D}.Debug|TwinCAT RT (x86).ActiveCfg = Debug|TwinCAT RT (x86)
		{23F3AAC5-D2AC-4B6B-826F-C638329B5E0D}.Debug|TwinCAT RT (x86).Build.0 = Debug|TwinCAT RT (x86)
		{23F3AAC5-D2AC-4B6B-826F-C638329B5E0D}.Release|TwinCAT CE7 (ARMV7).ActiveCfg = Release|TwinCAT CE7 (ARMV7)
		{23F3AAC5-D2AC-4B6B-826F-C638329B5E0D}.Release|TwinCAT CE7 (ARMV7).Build.0 = Release|TwinCAT CE7 (ARMV7)
		{23F3AAC5-D2AC-4B6B-826F-C638329B5E0D}.Release|TwinCAT OS (ARMT2).ActiveCfg = Release|TwinCAT OS (ARMV7-A)
		{23F3AAC5-D2AC-4B6B-826F-C638329B5E0D}.Release|TwinCAT OS (ARMT2).Build.0 = Release|TwinCAT OS (ARMV7-A)
		{23F3AAC5-D2AC-4B6B-826F-C638329B5E0D}.Release|TwinCAT OS (ARMV7-A).ActiveCfg = Release|TwinCAT OS (ARMV7-A)
		{23F3AAC5-D2AC-4B6B-826F-C638329B5E0D}.Release|TwinCAT OS (ARMV7-A).Build.0 = Release|TwinCAT OS (ARMV7-A)
		{23F3AAC5-D2AC-4B6B-826F-C638329B5E0D}.Release|TwinCAT OS (ARMV7-M).ActiveCfg = Release|TwinCAT OS (ARMV7-M)
		{23F3AAC5-D2AC-4B6B-826F-C638329B5E0D}.Release|TwinCAT OS (ARMV7-M).Build.0 = Release|TwinCAT OS (ARMV7-M)
		{23F3AAC5-D2AC-4B6B-826F-C638329B5E0D}.Release|TwinCAT OS (ARMV8-A).ActiveCfg = Release|TwinCAT OS (ARMV8-A)
		{23F3AAC5-D2AC-4B6B-826F-C638329B5E0D}.Release|TwinCAT OS (ARMV8-A).Build.0 = Release|TwinCAT OS (ARMV8-A)
		{23F3AAC5-D2AC-4B6B-826F-C638329B5E0D}.Release|TwinCAT OS (x64).ActiveCfg = Release|TwinCAT OS (x64)
		{23F3AAC5-D2AC-4B6B-826F-C638329B5E0D}.Release|TwinCAT OS (x64).Build.0 = Release|TwinCAT OS (x64)
		{23F3AAC5-D2AC-4B6B-826F-C638329B5E0D}.Release|TwinCAT RT (x64).ActiveCfg = Release|TwinCAT RT (x64)
		{23F3AAC5-D2AC-4B6B-826F-C638329B5E0D}.Release|TwinCAT RT (x64).Build.0 = Release|TwinCAT RT (x64)
		{23F3AAC5-D2AC-4B6B-826F-C638329B5E0D}.Release|TwinCAT RT (x86).ActiveCfg = Release|TwinCAT RT (x86)
		{23F3AAC5-D2AC-4B6B-826F-C638329B5E0D}.Release|TwinCAT RT (x86).Build.0 = Release|TwinCAT RT (x86)
		{B687843E-C740-431C-945C-676EB3319443}.Debug|TwinCAT CE7 (ARMV7).ActiveCfg = Debug|TwinCAT CE7 (ARMV7)
		{B687843E-C740-431C-945C-676EB3319443}.Debug|TwinCAT CE7 (ARMV7).Build.0 = Debug|TwinCAT CE7 (ARMV7)
		{B687843E-C740-431C-945C-676EB3319443}.Debug|TwinCAT OS (ARMT2).ActiveCfg = Debug|TwinCAT OS (ARMV7-A)
		{B687843E-C740-431C-945C-676EB3319443}.Debug|TwinCAT OS (ARMT2).Build.0 = Debug|TwinCAT OS (ARMV7-A)
		{B687843E-C740-431C-945C-676EB3319443}.Debug|TwinCAT OS (ARMV7-A).ActiveCfg = Debug|TwinCAT OS (ARMV7-A)
		{B687843E-C740-431C-945C-676EB3319443}.Debug|TwinCAT OS (ARMV7-A).Build.0 = Debug|TwinCAT OS (ARMV7-A)
		{B687843E-C740-431C-945C-676EB3319443}.Debug|TwinCAT OS (ARMV7-M).ActiveCfg = Debug|TwinCAT OS (ARMV7-M)
		{B687843E-C740-431C-945C-676EB3319443}.Debug|TwinCAT OS (ARMV7-M).Build.0 = Debug|TwinCAT OS (ARMV7-M)
		{B687843E-C740-431C-945C-676EB3319443}.Debug|TwinCAT OS (ARMV8-A).ActiveCfg = Debug|TwinCAT OS (ARMV8-A)
		{B687843E-C740-431C-945C-676EB3319443}.Debug|TwinCAT OS (ARMV8-A).Build.0 = Debug|TwinCAT OS (ARMV8-A)
		{B687843E-C740-431C-945C-676EB3319443}.Debug|TwinCAT OS (x64).ActiveCfg = Debug|TwinCAT OS (x64)
		{B687843E-C740-431C-945C-676EB3319443}.Debug|TwinCAT OS (x64).Build.0 = Debug|TwinCAT OS (x64)
		{B687843E-C740-431C-945C-676EB3319443}.Debug|TwinCAT RT (x64).ActiveCfg = Debug|TwinCAT RT (x64)
		{B687843E-C740-431C-945C-676EB3319443}.Debug|TwinCAT RT (x64).Build.0 = Debug|TwinCAT RT (x64)
		{B687843E-C740-431C-945C-676EB3319443}.Debug|TwinCAT RT (x86).ActiveCfg = Debug|TwinCAT RT (x86)
		{B687843E-C740-431C-945C-676EB3319443}.Debug|TwinCAT RT (x86).Build.0 = Debug|TwinCAT RT (x86)
		{B687843E-C740-431C-945C-676EB3319443}.Release|TwinCAT CE7 (ARMV7).ActiveCfg = Release|TwinCAT CE7 (ARMV7)
		{B687843E-C740-431C-945C-676EB3319443}.Release|TwinCAT CE7 (ARMV7).Build.0 = Release|TwinCAT CE7 (ARMV7)
		{B687843E-C740-431C-945C-676EB3319443}.Release|TwinCAT OS (ARMT2).ActiveCfg = Release|TwinCAT OS (ARMV7-A)
		{B687843E-C740-431C-945C-676EB3319443}.Release|TwinCAT OS (ARMT2).Build.0 = Release|TwinCAT OS (ARMV7-A)
		{B687843E-C740-431C-945C-676EB3319443}.Release|TwinCAT OS (ARMV7-A).ActiveCfg = Release|TwinCAT OS (ARMV7-A)
		{B687843E-C740-431C-945C-676EB3319443}.Release|TwinCAT OS (ARMV7-A).Build.0 = Release|TwinCAT OS (ARMV7-A)
		{B687843E-C740-431C-945C-676EB3319443}.Release|TwinCAT OS (ARMV7-M).ActiveCfg = Release|TwinCAT OS (ARMV7-M)
		{B687843E-C740-431C-945C-676EB3319443}.Release|TwinCAT OS (ARMV7-M).Build.0 = Release|TwinCAT OS (ARMV7-M)
		{B687843E-C740-431C-945C-676EB3319443}.Release|TwinCAT OS (ARMV8-A).ActiveCfg = Release|TwinCAT OS (ARMV8-A)
		{B687843E-C740-431C-945C-676EB3319443}.Release|TwinCAT OS (ARMV8-A).Build.0 = Release|TwinCAT OS (ARMV8-A)
		{B687843E-C740-431C-945C-676EB3319443}.Release|TwinCAT OS (x64).ActiveCfg = Release|TwinCAT OS (x64)
		{B687843E-C740-431C-945C-676EB3319443}.Release|TwinCAT OS (x64).Build.0 = Release|TwinCAT OS (x64)
		{B687843E-C740-431C-945C-676EB3319443}.Release|TwinCAT RT (x64).ActiveCfg = Release|TwinCAT RT (x64)
		{B687843E-C740-431C-945C-676EB3319443}.Release|TwinCAT RT (x64).Build.0 = Release|TwinCAT RT (x64)
		{B687843E-C740-431C-945C-676EB3319443}.Release|TwinCAT RT (x86).ActiveCfg = Release|TwinCAT RT (x86)
		{B687843E-C740-431C-945C-676EB3319443}.Release|TwinCAT RT (x86).Build.0 = Release|TwinCAT RT (x86)
		{9324A5EA-11E5-434E-AD99-DF44C6F0CC2D}.Debug|TwinCAT CE7 (ARMV7).ActiveCfg = Debug|TwinCAT CE7 (ARMV7)
		{9324A5EA-11E5-434E-AD99-DF44C6F0CC2D}.Debug|TwinCAT CE7 (ARMV7).Build.0 = Debug|TwinCAT CE7 (ARMV7)
		{9324A5EA-11E5-434E-AD99-DF44C6F0CC2D}.Debug|TwinCAT OS (ARMT2).ActiveCfg = Debug|TwinCAT OS (ARMV7-A)
		{9324A5EA-11E5-434E-AD99-DF44C6F0CC2D}.Debug|TwinCAT OS (ARMT2).Build.0 = Debug|TwinCAT OS (ARMV7-A)
		{9324A5EA-11E5-434E-AD99-DF44C6F0CC2D}.Debug|TwinCAT OS (ARMV7-A).ActiveCfg = Debug|TwinCAT OS (ARMV7-A)
		{9324A5EA-11E5-434E-AD99-DF44C6F0CC2D}.Debug|TwinCAT OS (ARMV7-A).Build.0 = Debug|TwinCAT OS (ARMV7-A)
		{9324A5EA-11E5-434E-AD99-DF44C6F0CC2D}.Debug|TwinCAT OS (ARMV7-M).ActiveCfg = Debug|TwinCAT OS (ARMV7-M)
		{9324A5EA-11E5-434E-AD99-DF44C6F0CC2D}.Debug|TwinCAT OS (ARMV7-M).Build.0 = Debug|TwinCAT OS (ARMV7-M)
		{9324A5EA-11E5-434E-AD99-DF44C6F0CC2D}.Debug|TwinCAT OS (ARMV8-A).ActiveCfg = Debug|TwinCAT OS (ARMV8-A)
		{9324A5EA-11E5-434E-AD99-DF44C6F0CC2D}.Debug|TwinCAT OS (ARMV8-A).Build.0 = Debug|TwinCAT OS (ARMV8-A)
		{9324A5EA-11E5-434E-AD99-DF44C6F0CC2D}.Debug|TwinCAT OS (x64).ActiveCfg = Debug|TwinCAT OS (x64)
		{9324A5EA-11E5-434E-AD99-DF44C6F0CC2D}.Debug|TwinCAT OS (x64).Build.0 = Debug|TwinCAT OS (x64)
		{9324A5EA-11E5-434E-AD99-DF44C6F0CC2D}.Debug|TwinCAT RT (x64).ActiveCfg = Debug|TwinCAT RT (x64)
		{9324A5EA-11E5-434E-AD99-DF44C6F0CC2D}.Debug|TwinCAT RT (x64).Build.0 = Debug|TwinCAT RT (x64)
		{9324A5EA-11E5-434E-AD99-DF44C6F0CC2D}.Debug|TwinCAT RT (x86).ActiveCfg = Debug|TwinCAT RT (x86)
		{9324A5EA-11E5-434E-AD99-DF44C6F0CC2D}.Debug|TwinCAT RT (x86).Build.0 = Debug|TwinCAT RT (x86)
		{9324A5EA-11E5-434E-AD99-DF44C6F0CC2D}.Release|TwinCAT CE7 (ARMV7).ActiveCfg = Release|TwinCAT CE7 (ARMV7)
		{9324A5EA-11E5-434E-AD99-DF44C6F0CC2D}.Release|TwinCAT CE7 (ARMV7).Build.0 = Release|TwinCAT CE7 (ARMV7)
		{9324A5EA-11E5-434E-AD99-DF44C6F0CC2D}.Release|TwinCAT OS (ARMT2).ActiveCfg = Release|TwinCAT OS (ARMV7-A)
		{9324A5EA-11E5-434E-AD99-DF44C6F0CC2D}.Release|TwinCAT OS (ARMT2).Build.0 = Release|TwinCAT OS (ARMV7-A)
		{9324A5EA-11E5-434E-AD99-DF44C6F0CC2D}.Release|TwinCAT OS (ARMV7-A).ActiveCfg = Release|TwinCAT OS (ARMV7-A)
		{9324A5EA-11E5-434E-AD99-DF44C6F0CC2D}.Release|TwinCAT OS (ARMV7-A).Build.0 = Release|TwinCAT OS (ARMV7-A)
		{9324A5EA-11E5-434E-AD99-DF44C6F0CC2D}.Release|TwinCAT OS (ARMV7-M).ActiveCfg = Release|TwinCAT OS (ARMV7-M)
		{9324A5EA-11E5-434E-AD99-DF44C6F0CC2D}.Release|TwinCAT OS (ARMV7-M).Build.0 = Release|TwinCAT OS (ARMV7-M)
		{9324A5EA-11E5-434E-AD99-DF44C6F0CC2D}.Release|TwinCAT OS (ARMV8-A).ActiveCfg = Release|TwinCAT OS (ARMV8-A)
		{9324A5EA-11E5-434E-AD99-DF44C6F0CC2D}.Release|TwinCAT OS (ARMV8-A).Build.0 = Release|TwinCAT OS (ARMV8-A)
		{9324A5EA-11E5-434E-AD99-DF44C6F0CC2D}.Release|TwinCAT OS (x64).ActiveCfg = Release|TwinCAT OS (x64)
		{9324A5EA-11E5-434E-AD99-DF44C6F0CC2D}.Release|TwinCAT OS (x64).Build.0 = Release|TwinCAT OS (x64)
		{9324A5EA-11E5-434E-AD99-DF44C6F0CC2D}.Release|TwinCAT RT (x64).ActiveCfg = Release|TwinCAT RT (x64)
		{9324A5EA-11E5-434E-AD99-DF44C6F0CC2D}.Release|TwinCAT RT (x64).Build.0 = Release|TwinCAT RT (x64)
		{9324A5EA-11E5-434E-AD99-DF44C6F0CC2D}.Release|TwinCAT RT (x86).ActiveCfg = Release|TwinCAT RT (x86)
		{9324A5EA-11E5-434E-AD99-DF44C6F0CC2D}.Release|TwinCAT RT (x86).Build.0 = Release|TwinCAT RT (x86)
	EndGlobalSection
	GlobalSection(SolutionProperties) = preSolution
		HideSolutionNode = FALSE
	EndGlobalSection
	GlobalSection(ExtensibilityGlobals) = postSolution
		SolutionGuid = {1B1586F1-6A4A-4A15-9B2E-18303116F60E}
	EndGlobalSection
EndGlobal
